{
  "name": "css_structure",
  "lockfileVersion": 2,
  "requires": true,
  "packages": {
    "": {
      "dependencies": {
        "css-wipe": "^4.3.0"
      }
    },
    "node_modules/css-wipe": {
      "version": "4.3.0",
      "resolved": "https://registry.npmjs.org/css-wipe/-/css-wipe-4.3.0.tgz",
      "integrity": "sha1-2UhXNam/XLOty5+hgJoVaGz1sFc="
    }
  },
  "dependencies": {
    "css-wipe": {
      "version": "4.3.0",
      "resolved": "https://registry.npmjs.org/css-wipe/-/css-wipe-4.3.0.tgz",
      "integrity": "sha1-2UhXNam/XLOty5+hgJoVaGz1sFc="
    }
  }
}
